
Microsoft Visual Studio Solution File, Format Version 12.00
# Visual Studio Version 16
VisualStudioVersion = 16.0.31702.278
MinimumVisualStudioVersion = 10.0.40219.1
Project("{9A19103F-16F7-4668-BE54-9A1E7A4F7556}") = "ManageEvents", "ManageEvents\ManageEvents.csproj", "{CF12CE6D-88EF-4EE9-BC0F-B5E27A1DB756}"
EndProject
Project("{9A19103F-16F7-4668-BE54-9A1E7A4F7556}") = "ManageEventsApp", "ManageEventsApp\ManageEventsApp.csproj", "{03D45FA3-1FF4-4D5E-A69C-12F52A89F93C}"
EndProject
Project("{9A19103F-16F7-4668-BE54-9A1E7A4F7556}") = "NavBar", "NavBar\NavBar.csproj", "{18F90ABE-BF22-45F0-8D11-35E810E77E22}"
EndProject
Project("{FAE04EC0-301F-11D3-BF4B-00C04F79EFBC}") = "CustomHelp", "CustomHelp\CustomHelp.csproj", "{A9ECFBB0-F446-41E8-B2A4-4E33CD053645}"
EndProject
Global
	GlobalSection(SolutionConfigurationPlatforms) = preSolution
		Debug|Any CPU = Debug|Any CPU
		Release|Any CPU = Release|Any CPU
	EndGlobalSection
	GlobalSection(ProjectConfigurationPlatforms) = postSolution
		{CF12CE6D-88EF-4EE9-BC0F-B5E27A1DB756}.Debug|Any CPU.ActiveCfg = Debug|Any CPU
		{CF12CE6D-88EF-4EE9-BC0F-B5E27A1DB756}.Debug|Any CPU.Build.0 = Debug|Any CPU
		{CF12CE6D-88EF-4EE9-BC0F-B5E27A1DB756}.Release|Any CPU.ActiveCfg = Release|Any CPU
		{CF12CE6D-88EF-4EE9-BC0F-B5E27A1DB756}.Release|Any CPU.Build.0 = Release|Any CPU
		{03D45FA3-1FF4-4D5E-A69C-12F52A89F93C}.Debug|Any CPU.ActiveCfg = Debug|Any CPU
		{03D45FA3-1FF4-4D5E-A69C-12F52A89F93C}.Debug|Any CPU.Build.0 = Debug|Any CPU
		{03D45FA3-1FF4-4D5E-A69C-12F52A89F93C}.Release|Any CPU.ActiveCfg = Release|Any CPU
		{03D45FA3-1FF4-4D5E-A69C-12F52A89F93C}.Release|Any CPU.Build.0 = Release|Any CPU
		{18F90ABE-BF22-45F0-8D11-35E810E77E22}.Debug|Any CPU.ActiveCfg = Debug|Any CPU
		{18F90ABE-BF22-45F0-8D11-35E810E77E22}.Debug|Any CPU.Build.0 = Debug|Any CPU
		{18F90ABE-BF22-45F0-8D11-35E810E77E22}.Release|Any CPU.ActiveCfg = Release|Any CPU
		{18F90ABE-BF22-45F0-8D11-35E810E77E22}.Release|Any CPU.Build.0 = Release|Any CPU
		{A9ECFBB0-F446-41E8-B2A4-4E33CD053645}.Debug|Any CPU.ActiveCfg = Debug|Any CPU
		{A9ECFBB0-F446-41E8-B2A4-4E33CD053645}.Debug|Any CPU.Build.0 = Debug|Any CPU
		{A9ECFBB0-F446-41E8-B2A4-4E33CD053645}.Release|Any CPU.ActiveCfg = Release|Any CPU
		{A9ECFBB0-F446-41E8-B2A4-4E33CD053645}.Release|Any CPU.Build.0 = Release|Any CPU
	EndGlobalSection
	GlobalSection(SolutionProperties) = preSolution
		HideSolutionNode = FALSE
	EndGlobalSection
	GlobalSection(ExtensibilityGlobals) = postSolution
		SolutionGuid = {24E4F438-BBB3-4297-98E9-CCBB76955C14}
	EndGlobalSection
EndGlobal
