
Microsoft Visual Studio Solution File, Format Version 12.00
# Visual Studio Version 16
VisualStudioVersion = 16.0.31702.278
MinimumVisualStudioVersion = 10.0.40219.1
Project("{8BC9CEB8-8B4A-11D0-8D11-00A0C91BC942}") = "Wintest1", "Wintest1\Wintest1.vcxproj", "{D46FFBF8-F940-4F59-AE65-0BE24F869C6F}"
EndProject
Global
	GlobalSection(SolutionConfigurationPlatforms) = preSolution
		Debug|x64 = Debug|x64
		Debug|x86 = Debug|x86
		Release|x64 = Release|x64
		Release|x86 = Release|x86
	EndGlobalSection
	GlobalSection(ProjectConfigurationPlatforms) = postSolution
		{D46FFBF8-F940-4F59-AE65-0BE24F869C6F}.Debug|x64.ActiveCfg = Debug|x64
		{D46FFBF8-F940-4F59-AE65-0BE24F869C6F}.Debug|x64.Build.0 = Debug|x64
		{D46FFBF8-F940-4F59-AE65-0BE24F869C6F}.Debug|x86.ActiveCfg = Debug|Win32
		{D46FFBF8-F940-4F59-AE65-0BE24F869C6F}.Debug|x86.Build.0 = Debug|Win32
		{D46FFBF8-F940-4F59-AE65-0BE24F869C6F}.Release|x64.ActiveCfg = Release|x64
		{D46FFBF8-F940-4F59-AE65-0BE24F869C6F}.Release|x64.Build.0 = Release|x64
		{D46FFBF8-F940-4F59-AE65-0BE24F869C6F}.Release|x86.ActiveCfg = Release|Win32
		{D46FFBF8-F940-4F59-AE65-0BE24F869C6F}.Release|x86.Build.0 = Release|Win32
	EndGlobalSection
	GlobalSection(SolutionProperties) = preSolution
		HideSolutionNode = FALSE
	EndGlobalSection
	GlobalSection(ExtensibilityGlobals) = postSolution
		SolutionGuid = {0FE8E59E-5C1C-4AAB-9271-B012D00E316D}
	EndGlobalSection
EndGlobal
